
Microsoft Visual Studio Solution File, Format Version 12.00
Project("{FAE04EC0-301F-11D3-BF4B-00C04F79EFBC}") = "API", "src\API\API.csproj", "{6BBFA4AE-75D8-42CB-B5B9-92B2CBB92D86}"
EndProject
Project("{FAE04EC0-301F-11D3-BF4B-00C04F79EFBC}") = "Core", "src\Core\Core.csproj", "{C936E7A6-59DD-4DAE-8FF1-8CF64696433B}"
EndProject
Project("{FAE04EC0-301F-11D3-BF4B-00C04F79EFBC}") = "Infrastructure", "src\Infrastructure\Infrastructure.csproj", "{95BFF863-E696-43C2-ACE3-A19486CB39D1}"
EndProject
Project("{FAE04EC0-301F-11D3-BF4B-00C04F79EFBC}") = "UnitTest", "tests\UnitTest\UnitTest.csproj", "{163D4DDD-7141-4345-93B9-974BFC30D083}"
EndProject
Global
	GlobalSection(SolutionConfigurationPlatforms) = preSolution
		Debug|Any CPU = Debug|Any CPU
		Release|Any CPU = Release|Any CPU
	EndGlobalSection
	GlobalSection(ProjectConfigurationPlatforms) = postSolution
		{6BBFA4AE-75D8-42CB-B5B9-92B2CBB92D86}.Debug|Any CPU.ActiveCfg = Debug|Any CPU
		{6BBFA4AE-75D8-42CB-B5B9-92B2CBB92D86}.Debug|Any CPU.Build.0 = Debug|Any CPU
		{6BBFA4AE-75D8-42CB-B5B9-92B2CBB92D86}.Release|Any CPU.ActiveCfg = Release|Any CPU
		{6BBFA4AE-75D8-42CB-B5B9-92B2CBB92D86}.Release|Any CPU.Build.0 = Release|Any CPU
		{C936E7A6-59DD-4DAE-8FF1-8CF64696433B}.Debug|Any CPU.ActiveCfg = Debug|Any CPU
		{C936E7A6-59DD-4DAE-8FF1-8CF64696433B}.Debug|Any CPU.Build.0 = Debug|Any CPU
		{C936E7A6-59DD-4DAE-8FF1-8CF64696433B}.Release|Any CPU.ActiveCfg = Release|Any CPU
		{C936E7A6-59DD-4DAE-8FF1-8CF64696433B}.Release|Any CPU.Build.0 = Release|Any CPU
		{95BFF863-E696-43C2-ACE3-A19486CB39D1}.Debug|Any CPU.ActiveCfg = Debug|Any CPU
		{95BFF863-E696-43C2-ACE3-A19486CB39D1}.Debug|Any CPU.Build.0 = Debug|Any CPU
		{95BFF863-E696-43C2-ACE3-A19486CB39D1}.Release|Any CPU.ActiveCfg = Release|Any CPU
		{95BFF863-E696-43C2-ACE3-A19486CB39D1}.Release|Any CPU.Build.0 = Release|Any CPU
		{163D4DDD-7141-4345-93B9-974BFC30D083}.Debug|Any CPU.ActiveCfg = Debug|Any CPU
		{163D4DDD-7141-4345-93B9-974BFC30D083}.Debug|Any CPU.Build.0 = Debug|Any CPU
		{163D4DDD-7141-4345-93B9-974BFC30D083}.Release|Any CPU.ActiveCfg = Release|Any CPU
		{163D4DDD-7141-4345-93B9-974BFC30D083}.Release|Any CPU.Build.0 = Release|Any CPU
	EndGlobalSection
EndGlobal
